// !$*UTF8*$!
{
	archiveVersion = 1;
	classes = {
	};
	objectVersion = 46;
	objects = {

/* Begin PBXBuildFile section */
		9AAEA1F11E48BD8200484887 /* AppDelegate.swift in Sources */ = {isa = PBXBuildFile; fileRef = 9AAEA1F01E48BD8200484887 /* AppDelegate.swift */; };
		9AAEA1F31E48BD8200484887 /* ViewController.swift in Sources */ = {isa = PBXBuildFile; fileRef = 9AAEA1F21E48BD8200484887 /* ViewController.swift */; };
		9AAEA1F61E48BD8200484887 /* Main.storyboard in Resources */ = {isa = PBXBuildFile; fileRef = 9AAEA1F41E48BD8200484887 /* Main.storyboard */; };
		9AAEA1F81E48BD8200484887 /* Assets.xcassets in Resources */ = {isa = PBXBuildFile; fileRef = 9AAEA1F71E48BD8200484887 /* Assets.xcassets */; };
		9AAEA1FB1E48BD8200484887 /* LaunchScreen.storyboard in Resources */ = {isa = PBXBuildFile; fileRef = 9AAEA1F91E48BD8200484887 /* LaunchScreen.storyboard */; };
/* End PBXBuildFile section */

/* Begin PBXFileReference section */
		9AAEA1ED1E48BD8200484887 /* Photo Demo.app */ = {isa = PBXFileReference; explicitFileType = wrapper.application; includeInIndex = 0; path = "Photo Demo.app"; sourceTree = BUILT_PRODUCTS_DIR; };
		9AAEA1F01E48BD8200484887 /* AppDelegate.swift */ = {isa = PBXFileReference; lastKnownFileType = sourcecode.swift; path = AppDelegate.swift; sourceTree = "<group>"; };
		9AAEA1F21E48BD8200484887 /* ViewController.swift */ = {isa = PBXFileReference; lastKnownFileType = sourcecode.swift; path = ViewController.swift; sourceTree = "<group>"; };
		9AAEA1F51E48BD8200484887 /* Base */ = {isa = PBXFileReference; lastKnownFileType = file.storyboard; name = Base; path = Base.lproj/Main.storyboard; sourceTree = "<group>"; };
		9AAEA1F71E48BD8200484887 /* Assets.xcassets */ = {isa = PBXFileReference; lastKnownFileType = folder.assetcatalog; path = Assets.xcassets; sourceTree = "<group>"; };
		9AAEA1FA1E48BD8200484887 /* Base */ = {isa = PBXFileReference; lastKnownFileType = file.storyboard; name = Base; path = Base.lproj/LaunchScreen.storyboard; sourceTree = "<group>"; };
		9AAEA1FC1E48BD8200484887 /* Info.plist */ = {isa = PBXFileReference; lastKnownFileType = text.plist.xml; path = Info.plist; sourceTree = "<group>"; };
/* End PBXFileReference section */

/* Begin PBXFrameworksBuildPhase section */
		9AAEA1EA1E48BD8200484887 /* Frameworks */ = {
			isa = PBXFrameworksBuildPhase;
			buildActionMask = 2147483647;
			files = (
			);
			runOnlyForDeploymentPostprocessing = 0;
		};
/* End PBXFrameworksBuildPhase section */

/* Begin PBXGroup section */
		9AAEA1E41E48BD8200484887 = {
			isa = PBXGroup;
			children = (
				9AAEA1EF1E48BD8200484887 /* Photo Demo */,
				9AAEA1EE1E48BD8200484887 /* Products */,
			);
			sourceTree = "<group>";
		};
		9AAEA1EE1E48BD8200484887 /* Products */ = {
			isa = PBXGroup;
			children = (
				9AAEA1ED1E48BD8200484887 /* Photo Demo.app */,
			);
			name = Products;
			sourceTree = "<group>";
		};
		9AAEA1EF1E48BD8200484887 /* Photo Demo */ = {
			isa = PBXGroup;
			children = (
				9AAEA1F01E48BD8200484887 /* AppDelegate.swift */,
				9AAEA1F21E48BD8200484887 /* ViewController.swift */,
				9AAEA1F41E48BD8200484887 /* Main.storyboard */,
				9AAEA1F71E48BD8200484887 /* Assets.xcassets */,
				9AAEA1F91E48BD8200484887 /* LaunchScreen.storyboard */,
				9AAEA1FC1E48BD8200484887 /* Info.plist */,
			);
			path = "Photo Demo";
			sourceTree = "<group>";
		};
/* End PBXGroup section */

/* Begin PBXNativeTarget section */
		9AAEA1EC1E48BD8200484887 /* Photo Demo */ = {
			isa = PBXNativeTarget;
			buildConfigurationList = 9AAEA1FF1E48BD8200484887 /* Build configuration list for PBXNativeTarget "Photo Demo" */;
			buildPhases = (
				9AAEA1E91E48BD8200484887 /* Sources */,
				9AAEA1EA1E48BD8200484887 /* Frameworks */,
				9AAEA1EB1E48BD8200484887 /* Resources */,
			);
			buildRules = (
			);
			dependencies = (
			);
			name = "Photo Demo";
			productName = "Photo Demo";
			productReference = 9AAEA1ED1E48BD8200484887 /* Photo Demo.app */;
			productType = "com.apple.product-type.application";
		};
/* End PBXNativeTarget section */

/* Begin PBXProject section */
		9AAEA1E51E48BD8200484887 /* Project object */ = {
			isa = PBXProject;
			attributes = {
				LastSwiftUpdateCheck = 0820;
				LastUpgradeCheck = 0820;
				ORGANIZATIONNAME = IkkiTakahashi;
				TargetAttributes = {
					9AAEA1EC1E48BD8200484887 = {
						CreatedOnToolsVersion = 8.2.1;
						DevelopmentTeam = 68682W8R4T;
						ProvisioningStyle = Automatic;
					};
				};
			};
			buildConfigurationList = 9AAEA1E81E48BD8200484887 /* Build configuration list for PBXProject "Photo Demo" */;
			compatibilityVersion = "Xcode 3.2";
			developmentRegion = English;
			hasScannedForEncodings = 0;
			knownRegions = (
				en,
				Base,
			);
			mainGroup = 9AAEA1E41E48BD8200484887;
			productRefGroup = 9AAEA1EE1E48BD8200484887 /* Products */;
			projectDirPath = "";
			projectRoot = "";
			targets = (
				9AAEA1EC1E48BD8200484887 /* Photo Demo */,
			);
		};
/* End PBXProject section */

/* Begin PBXResourcesBuildPhase section */
		9AAEA1EB1E48BD8200484887 /* Resources */ = {
			isa = PBXResourcesBuildPhase;
			buildActionMask = 2147483647;
			files = (
				9AAEA1FB1E48BD8200484887 /* LaunchScreen.storyboard in Resources */,
				9AAEA1F81E48BD8200484887 /* Assets.xcassets in Resources */,
				9AAEA1F61E48BD8200484887 /* Main.storyboard in Resources */,
			);
			runOnlyForDeploymentPostprocessing = 0;
		};
/* End PBXResourcesBuildPhase section */

/* Begin PBXSourcesBuildPhase section */
		9AAEA1E91E48BD8200484887 /* Sources */ = {
			isa = PBXSourcesBuildPhase;
			buildActionMask = 2147483647;
			files = (
				9AAEA1F31E48BD8200484887 /* ViewController.swift in Sources */,
				9AAEA1F11E48BD8200484887 /* AppDelegate.swift in Sources */,
			);
			runOnlyForDeploymentPostprocessing = 0;
		};
/* End PBXSourcesBuildPhase section */

/* Begin PBXVariantGroup section */
		9AAEA1F41E48BD8200484887 /* Main.storyboard */ = {
			isa = PBXVariantGroup;
			children = (
				9AAEA1F51E48BD8200484887 /* Base */,
			);
			name = Main.storyboard;
			sourceTree = "<group>";
		};
		9AAEA1F91E48BD8200484887 /* LaunchScreen.storyboard */ = {
			isa = PBXVariantGroup;
			children = (
				9AAEA1FA1E48BD8200484887 /* Base */,
			);
			name = LaunchScreen.storyboard;
			sourceTree = "<group>";
		};
/* End PBXVariantGroup section */

/* Begin XCBuildConfiguration section */
		9AAEA1FD1E48BD8200484887 /* Debug */ = {
			isa = XCBuildConfiguration;
			buildSettings = {
				ALWAYS_SEARCH_USER_PATHS = NO;
				CLANG_ANALYZER_NONNULL = YES;
				CLANG_CXX_LANGUAGE_STANDARD = "gnu++0x";
				CLANG_CXX_LIBRARY = "libc++";
				CLANG_ENABLE_MODULES = YES;
				CLANG_ENABLE_OBJC_ARC = YES;
				CLANG_WARN_BOOL_CONVERSION = YES;
				CLANG_WARN_CONSTANT_CONVERSION = YES;
				CLANG_WARN_DIRECT_OBJC_ISA_USAGE = YES_ERROR;
				CLANG_WARN_DOCUMENTATION_COMMENTS = YES;
				CLANG_WARN_EMPTY_BODY = YES;
				CLANG_WARN_ENUM_CONVERSION = YES;
				CLANG_WARN_INFINITE_RECURSION = YES;
				CLANG_WARN_INT_CONVERSION = YES;
				CLANG_WARN_OBJC_ROOT_CLASS = YES_ERROR;
				CLANG_WARN_SUSPICIOUS_MOVE = YES;
				CLANG_WARN_UNREACHABLE_CODE = YES;
				CLANG_WARN__DUPLICATE_METHOD_MATCH = YES;
				"CODE_SIGN_IDENTITY[sdk=iphoneos*]" = "iPhone Developer";
				COPY_PHASE_STRIP = NO;
				DEBUG_INFORMATION_FORMAT = dwarf;
				ENABLE_STRICT_OBJC_MSGSEND = YES;
				ENABLE_TESTABILITY = YES;
				GCC_C_LANGUAGE_STANDARD = gnu99;
				GCC_DYNAMIC_NO_PIC = NO;
				GCC_NO_COMMON_BLOCKS = YES;
				GCC_OPTIMIZATION_LEVEL = 0;
				GCC_PREPROCESSOR_DEFINITIONS = (
					"DEBUG=1",
					"$(inherited)",
				);
				GCC_WARN_64_TO_32_BIT_CONVERSION = YES;
				GCC_WARN_ABOUT_RETURN_TYPE = YES_ERROR;
				GCC_WARN_UNDECLARED_SELECTOR = YES;
				GCC_WARN_UNINITIALIZED_AUTOS = YES_AGGRESSIVE;
				GCC_WARN_UNUSED_FUNCTION = YES;
				GCC_WARN_UNUSED_VARIABLE = YES;
				IPHONEOS_DEPLOYMENT_TARGET = 10.2;
				MTL_ENABLE_DEBUG_INFO = YES;
				ONLY_ACTIVE_ARCH = YES;
				SDKROOT = iphoneos;
				SWIFT_ACTIVE_COMPILATION_CONDITIONS = DEBUG;
				SWIFT_OPTIMIZATION_LEVEL = "-Onone";
			};
			name = Debug;
		};
		9AAEA1FE1E48BD8200484887 /* Release */ = {
			isa = XCBuildConfiguration;
			buildSettings = {
				ALWAYS_SEARCH_USER_PATHS = NO;
				CLANG_ANALYZER_NONNULL = YES;
				CLANG_CXX_LANGUAGE_STANDARD = "gnu++0x";
				CLANG_CXX_LIBRARY = "libc++";
				CLANG_ENABLE_MODULES = YES;
				CLANG_ENABLE_OBJC_ARC = YES;
				CLANG_WARN_BOOL_CONVERSION = YES;
				CLANG_WARN_CONSTANT_CONVERSION = YES;
				CLANG_WARN_DIRECT_OBJC_ISA_USAGE = YES_ERROR;
				CLANG_WARN_DOCUMENTATION_COMMENTS = YES;
				CLANG_WARN_EMPTY_BODY = YES;
				CLANG_WARN_ENUM_CONVERSION = YES;
				CLANG_WARN_INFINITE_RECURSION = YES;
				CLANG_WARN_INT_CONVERSION = YES;
				CLANG_WARN_OBJC_ROOT_CLASS = YES_ERROR;
				CLANG_WARN_SUSPICIOUS_MOVE = YES;
				CLANG_WARN_UNREACHABLE_CODE = YES;
				CLANG_WARN__DUPLICATE_METHOD_MATCH = YES;
				"CODE_SIGN_IDENTITY[sdk=iphoneos*]" = "iPhone Developer";
				COPY_PHASE_STRIP = NO;
				DEBUG_INFORMATION_FORMAT = "dwarf-with-dsym";
				ENABLE_NS_ASSERTIONS = NO;
				ENABLE_STRICT_OBJC_MSGSEND = YES;
				GCC_C_LANGUAGE_STANDARD = gnu99;
				GCC_NO_COMMON_BLOCKS = YES;
				GCC_WARN_64_TO_32_BIT_CONVERSION = YES;
				GCC_WARN_ABOUT_RETURN_TYPE = YES_ERROR;
				GCC_WARN_UNDECLARED_SELECTOR = YES;
				GCC_WARN_UNINITIALIZED_AUTOS = YES_AGGRESSIVE;
				GCC_WARN_UNUSED_FUNCTION = YES;
				GCC_WARN_UNUSED_VARIABLE = YES;
				IPHONEOS_DEPLOYMENT_TARGET = 10.2;
				MTL_ENABLE_DEBUG_INFO = NO;
				SDKROOT = iphoneos;
				SWIFT_OPTIMIZATION_LEVEL = "-Owholemodule";
				VALIDATE_PRODUCT = YES;
			};
			name = Release;
		};
		9AAEA2001E48BD8200484887 /* Debug */ = {
			isa = XCBuildConfiguration;
			buildSettings = {
				ASSETCATALOG_COMPILER_APPICON_NAME = AppIcon;
				DEVELOPMENT_TEAM = 68682W8R4T;
				INFOPLIST_FILE = "Photo Demo/Info.plist";
				LD_RUNPATH_SEARCH_PATHS = "$(inherited) @executable_path/Frameworks";
				PRODUCT_BUNDLE_IDENTIFIER = "jp.ikkitang1211.Photo-Demo";
				PRODUCT_NAME = "$(TARGET_NAME)";
				SWIFT_VERSION = 3.0;
			};
			name = Debug;
		};
		9AAEA2011E48BD8200484887 /* Release */ = {
			isa = XCBuildConfiguration;
			buildSettings = {
				ASSETCATALOG_COMPILER_APPICON_NAME = AppIcon;
				DEVELOPMENT_TEAM = 68682W8R4T;
				INFOPLIST_FILE = "Photo Demo/Info.plist";
				LD_RUNPATH_SEARCH_PATHS = "$(inherited) @executable_path/Frameworks";
				PRODUCT_BUNDLE_IDENTIFIER = "jp.ikkitang1211.Photo-Demo";
				PRODUCT_NAME = "$(TARGET_NAME)";
				SWIFT_VERSION = 3.0;
			};
			name = Release;
		};
/* End XCBuildConfiguration section */

/* Begin XCConfigurationList section */
		9AAEA1E81E48BD8200484887 /* Build configuration list for PBXProject "Photo Demo" */ = {
			isa = XCConfigurationList;
			buildConfigurations = (
				9AAEA1FD1E48BD8200484887 /* Debug */,
				9AAEA1FE1E48BD8200484887 /* Release */,
			);
			defaultConfigurationIsVisible = 0;
			defaultConfigurationName = Release;
		};
		9AAEA1FF1E48BD8200484887 /* Build configuration list for PBXNativeTarget "Photo Demo" */ = {
			isa = XCConfigurationList;
			buildConfigurations = (
				9AAEA2001E48BD8200484887 /* Debug */,
				9AAEA2011E48BD8200484887 /* Release */,
			);
			defaultConfigurationIsVisible = 0;
		};
/* End XCConfigurationList section */
	};
	rootObject = 9AAEA1E51E48BD8200484887 /* Project object */;
}
